<?xml version="1.0" encoding="utf-8"?>
<Project ToolsVersion="4.0" xmlns="http://schemas.microsoft.com/developer/msbuild/2003">
  <ItemGroup>
    <Filter Include="Source Files">
      <UniqueIdentifier>{4FC737F1-C7A5-4376-A066-2A32D752A2FF}</UniqueIdentifier>
      <Extensions>cpp;c;cc;cxx;def;odl;idl;hpj;bat;asm;asmx</Extensions>
    </Filter>
    <Filter Include="Header Files">
      <UniqueIdentifier>{93995380-89BD-4b04-88EB-625FBE52EBFB}</UniqueIdentifier>
      <Extensions>h;hh;hpp;hxx;hm;inl;inc;ipp;xsd</Extensions>
    </Filter>
    <Filter Include="Resource Files">
      <UniqueIdentifier>{67DA6AB6-F800-4c08-8B7A-83BB121AAD01}</UniqueIdentifier>
      <Extensions>rc;ico;cur;bmp;dlg;rc2;rct;bin;rgs;gif;jpg;jpeg;jpe;resx;tiff;tif;png;wav;mfcribbon-ms</Extensions>
    </Filter>
  </ItemGroup>
  <ItemGroup>
    <ClCompile Include="Game.cpp">
      <Filter>Source Files</Filter>
    </ClCompile>
    <ClCompile Include="src\CameraSystem.cpp">
      <Filter>Source Files</Filter>
    </ClCompile>
    <ClCompile Include="src\ControllerSystem.cpp">
      <Filter>Source Files</Filter>
    </ClCompile>
    <ClCompile Include="src\HandSystem.cpp">
      <Filter>Source Files</Filter>
    </ClCompile>
    <ClCompile Include="src\LegSystem.cpp">
      <Filter>Source Files</Filter>
    </ClCompile>
    <ClCompile Include="src\MovementSystem.cpp">
      <Filter>Source Files</Filter>
    </ClCompile>
    <ClCompile Include="src\RenderModule.cpp">
      <Filter>Source Files</Filter>
    </ClCompile>
    <ClCompile Include="src\RenderSystem.cpp">
      <Filter>Source Files</Filter>
    </ClCompile>
    <ClCompile Include="src\TransformSystem.cpp">
      <Filter>Source Files</Filter>
    </ClCompile>
  </ItemGroup>
  <ItemGroup>
    <ClInclude Include="include\Modules\RenderModule.h">
      <Filter>Header Files</Filter>
    </ClInclude>
    <ClInclude Include="include\Components\Transform.h">
      <Filter>Header Files</Filter>
    </ClInclude>
    <ClInclude Include="include\Components\Renderer.h">
      <Filter>Header Files</Filter>
    </ClInclude>
    <ClInclude Include="include\Systems\RenderSystem.h">
      <Filter>Header Files</Filter>
    </ClInclude>
    <ClInclude Include="include\Factories\BlockFactory.h">
      <Filter>Header Files</Filter>
    </ClInclude>
    <ClInclude Include="include\Components\Controller.h">
      <Filter>Header Files</Filter>
    </ClInclude>
    <ClInclude Include="include\Systems\TransformSystem.h">
      <Filter>Header Files</Filter>
    </ClInclude>
    <ClInclude Include="include\Utils\Stack.h">
      <Filter>Header Files</Filter>
    </ClInclude>
    <ClInclude Include="include\Utils\Color.h">
      <Filter>Header Files</Filter>
    </ClInclude>
    <ClInclude Include="include\Systems\ControllerSystem.h">
      <Filter>Header Files</Filter>
    </ClInclude>
    <ClInclude Include="include\Utils\Vector3.h">
      <Filter>Header Files</Filter>
    </ClInclude>
    <ClInclude Include="include\Components\MovementComponent.h">
      <Filter>Header Files</Filter>
    </ClInclude>
    <ClInclude Include="include\Systems\MovementSystem.h">
      <Filter>Header Files</Filter>
    </ClInclude>
    <ClInclude Include="include\Modules\TimeModule.h">
      <Filter>Header Files</Filter>
    </ClInclude>
    <ClInclude Include="include\Systems\CameraSystem.h">
      <Filter>Header Files</Filter>
    </ClInclude>
    <ClInclude Include="include\Components\CameraFollowTarget.h">
      <Filter>Header Files</Filter>
    </ClInclude>
    <ClInclude Include="Managers\LevelGenerator.h">
      <Filter>Header Files</Filter>
    </ClInclude>
    <ClInclude Include="include\Factories\PlayerFactory.h">
      <Filter>Header Files</Filter>
    </ClInclude>
    <ClInclude Include="include\Factories\HandFactory.h">
      <Filter>Header Files</Filter>
    </ClInclude>
    <ClInclude Include="include\Components\HandComponent.h">
      <Filter>Header Files</Filter>
    </ClInclude>
    <ClInclude Include="include\Components\LegComponent.h">
      <Filter>Header Files</Filter>
    </ClInclude>
    <ClInclude Include="include\Factories\LegFactory.h">
      <Filter>Header Files</Filter>
    </ClInclude>
    <ClInclude Include="include\Systems\LegSystem.h">
      <Filter>Header Files</Filter>
    </ClInclude>
    <ClInclude Include="include\Systems\HandSystem.h">
      <Filter>Header Files</Filter>
    </ClInclude>
    <ClInclude Include="include\Utils\Utils.h">
      <Filter>Header Files</Filter>
    </ClInclude>
    <ClInclude Include="include\Factories\GunFactory.h">
      <Filter>Header Files</Filter>
    </ClInclude>
    <ClInclude Include="include\Utils\Mathf.h">
      <Filter>Header Files</Filter>
    </ClInclude>
    <ClInclude Include="include\Modules\JobSystemModule.h">
      <Filter>Header Files</Filter>
    </ClInclude>
    <ClInclude Include="include\Modules\JobConverterModule.h">
      <Filter>Header Files</Filter>
    </ClInclude>
    <ClInclude Include="include\Modules\BufferModule.h">
      <Filter>Header Files</Filter>
    </ClInclude>
    <ClInclude Include="include\Systems\JobSystem.h">
      <Filter>Header Files</Filter>
    </ClInclude>
  </ItemGroup>
  <ItemGroup>
    <Image Include="Art\Bat.png">
      <Filter>Resource Files</Filter>
    </Image>
    <Image Include="Art\IntellectDevourer.png">
      <Filter>Resource Files</Filter>
    </Image>
    <Image Include="Art\Spritesheet.png">
      <Filter>Resource Files</Filter>
    </Image>
    <Image Include="Art\Wall.png">
      <Filter>Resource Files</Filter>
    </Image>
    <Image Include="Art\Block.png">
      <Filter>Resource Files</Filter>
    </Image>
    <Image Include="Art\Lantern.png">
      <Filter>Resource Files</Filter>
    </Image>
    <Image Include="Art\Undead.png">
      <Filter>Resource Files</Filter>
    </Image>
    <Image Include="Art\Gun.png">
      <Filter>Resource Files</Filter>
    </Image>
    <Image Include="Art\Hand.png">
      <Filter>Resource Files</Filter>
    </Image>
    <Image Include="Art\Leg.png">
      <Filter>Resource Files</Filter>
    </Image>
    <Image Include="Art\Player.png">
      <Filter>Resource Files</Filter>
    </Image>
  </ItemGroup>
</Project>